<?xml version="1.0" encoding="utf-8"?>
<Project ToolsVersion="4.0" xmlns="http://schemas.microsoft.com/developer/msbuild/2003">
  <ItemGroup>
    <Filter Include="Source Files">
      <UniqueIdentifier>{4FC737F1-C7A5-4376-A066-2A32D752A2FF}</UniqueIdentifier>
      <Extensions>cpp;c;cc;cxx;def;odl;idl;hpj;bat;asm;asmx</Extensions>
    </Filter>
    <Filter Include="Header Files">
      <UniqueIdentifier>{93995380-89BD-4b04-88EB-625FBE52EBFB}</UniqueIdentifier>
      <Extensions>h;hpp;hxx;hm;inl;inc;xsd</Extensions>
    </Filter>
    <Filter Include="Resource Files">
      <UniqueIdentifier>{67DA6AB6-F800-4c08-8B7A-83BB121AAD01}</UniqueIdentifier>
      <Extensions>rc;ico;cur;bmp;dlg;rc2;rct;bin;rgs;gif;jpg;jpeg;jpe;resx;tiff;tif;png;wav</Extensions>
    </Filter>
    <Filter Include="Blocks">
      <UniqueIdentifier>{343e689c-5568-4436-9aaa-f7e7d71d4b80}</UniqueIdentifier>
    </Filter>
    <Filter Include="Blocks\Cinder-Asio">
      <UniqueIdentifier>{bc0add05-969f-4637-95b0-061adc04f9ed}</UniqueIdentifier>
    </Filter>
    <Filter Include="Blocks\Cinder-Asio\src">
      <UniqueIdentifier>{aac1cf43-324d-44be-ae7b-d5890da9ff6f}</UniqueIdentifier>
    </Filter>
    <Filter Include="Blocks\OscTree">
      <UniqueIdentifier>{70590c30-8b36-4d7b-a50f-1c8ee25ff8d6}</UniqueIdentifier>
    </Filter>
    <Filter Include="Blocks\OscTree\src">
      <UniqueIdentifier>{48363376-a0ff-4b07-b348-bb71a1d45c1a}</UniqueIdentifier>
    </Filter>
  </ItemGroup>
  <ItemGroup>
    <ClCompile Include="..\src\OscDevApp.cpp">
      <Filter>Source Files</Filter>
    </ClCompile>
    <ClCompile Include="..\src\OscDevApp.cpp">
      <Filter>Source Files</Filter>
    </ClCompile>
    <ClInclude Include="..\include\Resources.h">
      <Filter>Header Files</Filter>
    </ClInclude>
    <ClCompile Include="..\..\..\blocks\Cinder-Asio\src\ClientInterface.cpp">
      <Filter>Blocks\Cinder-Asio\src</Filter>
    </ClCompile>
    <ClCompile Include="..\..\..\blocks\Cinder-Asio\src\DispatcherInterface.cpp">
      <Filter>Blocks\Cinder-Asio\src</Filter>
    </ClCompile>
    <ClCompile Include="..\..\..\blocks\Cinder-Asio\src\ServerInterface.cpp">
      <Filter>Blocks\Cinder-Asio\src</Filter>
    </ClCompile>
    <ClCompile Include="..\..\..\blocks\Cinder-Asio\src\SessionInterface.cpp">
      <Filter>Blocks\Cinder-Asio\src</Filter>
    </ClCompile>
    <ClCompile Include="..\..\..\blocks\Cinder-Asio\src\TcpClient.cpp">
      <Filter>Blocks\Cinder-Asio\src</Filter>
    </ClCompile>
    <ClCompile Include="..\..\..\blocks\Cinder-Asio\src\TcpServer.cpp">
      <Filter>Blocks\Cinder-Asio\src</Filter>
    </ClCompile>
    <ClCompile Include="..\..\..\blocks\Cinder-Asio\src\TcpSession.cpp">
      <Filter>Blocks\Cinder-Asio\src</Filter>
    </ClCompile>
    <ClCompile Include="..\..\..\blocks\Cinder-Asio\src\UdpClient.cpp">
      <Filter>Blocks\Cinder-Asio\src</Filter>
    </ClCompile>
    <ClCompile Include="..\..\..\blocks\Cinder-Asio\src\UdpServer.cpp">
      <Filter>Blocks\Cinder-Asio\src</Filter>
    </ClCompile>
    <ClCompile Include="..\..\..\blocks\Cinder-Asio\src\UdpSession.cpp">
      <Filter>Blocks\Cinder-Asio\src</Filter>
    </ClCompile>
    <ClCompile Include="..\..\..\blocks\Cinder-Asio\src\WaitTimer.cpp">
      <Filter>Blocks\Cinder-Asio\src</Filter>
    </ClCompile>
    <ClCompile Include="..\..\..\src\OscTree.cpp">
      <Filter>Blocks\OscTree\src</Filter>
    </ClCompile>
  </ItemGroup>
  <ItemGroup>
    <ClInclude Include="..\include\Resources.h">
      <Filter>Header Files</Filter>
    </ClInclude>
    <ClInclude Include="..\..\..\blocks\Cinder-Asio\src\CinderAsio.h">
      <Filter>Blocks\Cinder-Asio\src</Filter>
    </ClInclude>
    <ClInclude Include="..\..\..\blocks\Cinder-Asio\src\ClientEventHandlerInterface.h">
      <Filter>Blocks\Cinder-Asio\src</Filter>
    </ClInclude>
    <ClInclude Include="..\..\..\blocks\Cinder-Asio\src\ClientInterface.h">
      <Filter>Blocks\Cinder-Asio\src</Filter>
    </ClInclude>
    <ClInclude Include="..\..\..\blocks\Cinder-Asio\src\DispatcherEventHandlerInterface.h">
      <Filter>Blocks\Cinder-Asio\src</Filter>
    </ClInclude>
    <ClInclude Include="..\..\..\blocks\Cinder-Asio\src\DispatcherInterface.h">
      <Filter>Blocks\Cinder-Asio\src</Filter>
    </ClInclude>
    <ClInclude Include="..\..\..\blocks\Cinder-Asio\src\ServerEventHandlerInterface.h">
      <Filter>Blocks\Cinder-Asio\src</Filter>
    </ClInclude>
    <ClInclude Include="..\..\..\blocks\Cinder-Asio\src\ServerInterface.h">
      <Filter>Blocks\Cinder-Asio\src</Filter>
    </ClInclude>
    <ClInclude Include="..\..\..\blocks\Cinder-Asio\src\SessionEventHandlerInterface.h">
      <Filter>Blocks\Cinder-Asio\src</Filter>
    </ClInclude>
    <ClInclude Include="..\..\..\blocks\Cinder-Asio\src\SessionInterface.h">
      <Filter>Blocks\Cinder-Asio\src</Filter>
    </ClInclude>
    <ClInclude Include="..\..\..\blocks\Cinder-Asio\src\TcpClient.h">
      <Filter>Blocks\Cinder-Asio\src</Filter>
    </ClInclude>
    <ClInclude Include="..\..\..\blocks\Cinder-Asio\src\TcpClientEventHandlerInterface.h">
      <Filter>Blocks\Cinder-Asio\src</Filter>
    </ClInclude>
    <ClInclude Include="..\..\..\blocks\Cinder-Asio\src\TcpServer.h">
      <Filter>Blocks\Cinder-Asio\src</Filter>
    </ClInclude>
    <ClInclude Include="..\..\..\blocks\Cinder-Asio\src\TcpServerEventHandlerInterface.h">
      <Filter>Blocks\Cinder-Asio\src</Filter>
    </ClInclude>
    <ClInclude Include="..\..\..\blocks\Cinder-Asio\src\TcpSession.h">
      <Filter>Blocks\Cinder-Asio\src</Filter>
    </ClInclude>
    <ClInclude Include="..\..\..\blocks\Cinder-Asio\src\TcpSessionEventHandlerInterface.h">
      <Filter>Blocks\Cinder-Asio\src</Filter>
    </ClInclude>
    <ClInclude Include="..\..\..\blocks\Cinder-Asio\src\UdpClient.h">
      <Filter>Blocks\Cinder-Asio\src</Filter>
    </ClInclude>
    <ClInclude Include="..\..\..\blocks\Cinder-Asio\src\UdpClientEventHandlerInterface.h">
      <Filter>Blocks\Cinder-Asio\src</Filter>
    </ClInclude>
    <ClInclude Include="..\..\..\blocks\Cinder-Asio\src\UdpServer.h">
      <Filter>Blocks\Cinder-Asio\src</Filter>
    </ClInclude>
    <ClInclude Include="..\..\..\blocks\Cinder-Asio\src\UdpServerEventHandlerInterface.h">
      <Filter>Blocks\Cinder-Asio\src</Filter>
    </ClInclude>
    <ClInclude Include="..\..\..\blocks\Cinder-Asio\src\UdpSession.h">
      <Filter>Blocks\Cinder-Asio\src</Filter>
    </ClInclude>
    <ClInclude Include="..\..\..\blocks\Cinder-Asio\src\UdpSessionEventHandlerInterface.h">
      <Filter>Blocks\Cinder-Asio\src</Filter>
    </ClInclude>
    <ClInclude Include="..\..\..\blocks\Cinder-Asio\src\WaitTimer.h">
      <Filter>Blocks\Cinder-Asio\src</Filter>
    </ClInclude>
    <ClInclude Include="..\..\..\blocks\Cinder-Asio\src\WaitTimerEventHandlerInterface.h">
      <Filter>Blocks\Cinder-Asio\src</Filter>
    </ClInclude>
    <ClInclude Include="..\..\..\src\OscTree.h">
      <Filter>Blocks\OscTree\src</Filter>
    </ClInclude>
  </ItemGroup>
  <ItemGroup>
    <ResourceCompile Include="Resources.rc">
      <Filter>Resource Files</Filter>
    </ResourceCompile>
  </ItemGroup>
</Project>